
Microsoft Visual Studio Solution File, Format Version 12.00
# Visual Studio 15
VisualStudioVersion = 15.0.28307.421
MinimumVisualStudioVersion = 10.0.40219.1
Project("{FAE04EC0-301F-11D3-BF4B-00C04F79EFBC}") = "StudentForm", "StudentForm\StudentForm.csproj", "{19556EA3-7970-4554-ADDD-FA30DA261654}"
EndProject
Global
	GlobalSection(SolutionConfigurationPlatforms) = preSolution
		Debug|Any CPU = Debug|Any CPU
		Release|Any CPU = Release|Any CPU
	EndGlobalSection
	GlobalSection(ProjectConfigurationPlatforms) = postSolution
		{19556EA3-7970-4554-ADDD-FA30DA261654}.Debug|Any CPU.ActiveCfg = Debug|Any CPU
		{19556EA3-7970-4554-ADDD-FA30DA261654}.Debug|Any CPU.Build.0 = Debug|Any CPU
		{19556EA3-7970-4554-ADDD-FA30DA261654}.Release|Any CPU.ActiveCfg = Release|Any CPU
		{19556EA3-7970-4554-ADDD-FA30DA261654}.Release|Any CPU.Build.0 = Release|Any CPU
	EndGlobalSection
	GlobalSection(SolutionProperties) = preSolution
		HideSolutionNode = FALSE
	EndGlobalSection
	GlobalSection(ExtensibilityGlobals) = postSolution
		SolutionGuid = {FBB53BA1-4596-44D0-964B-57F20F4DDE98}
	EndGlobalSection
EndGlobal
